{
  "name": "fulcrum-example",
  "version": "1.0.0",
  "lockfileVersion": 3,
  "requires": true,
  "packages": {
    "": {
      "name": "fulcrum-example",
      "version": "1.0.0",
      "license": "ISC",
      "dependencies": {
        "fulcrum": "file:../fulcrum-js"
      }
    },
    "../fulcrum-js": {
      "name": "@fulcrum/js",
      "version": "1.0.0",
      "license": "MIT",
      "dependencies": {
        "@grpc/grpc-js": "^1.9.0",
        "@grpc/proto-loader": "^0.7.0"
      },
      "bin": {
        "fulcrum-js": "bin/fulcrum-js.js"
      },
      "devDependencies": {}
    },
    "node_modules/fulcrum": {
      "resolved": "../fulcrum-js",
      "link": true
    }
  }
}
